// !$*UTF8*$!
{
	archiveVersion = 1;
	classes = {
	};
	objectVersion = 46;
	objects = {

/* Begin PBXBuildFile section */
		872F47901E8628640007A8F5 /* 26_RemoveDuplicatedSortedArray.swift in Sources */ = {isa = PBXBuildFile; fileRef = 872F478F1E8628640007A8F5 /* 26_RemoveDuplicatedSortedArray.swift */; };
		87408C0D1DE3456E00C9D525 /* 1_twoSum.swift in Sources */ = {isa = PBXBuildFile; fileRef = 87408C0C1DE3456E00C9D525 /* 1_twoSum.swift */; };
		875361841DF4781B002522D6 /* 5_LongestPalindromicSubString.swift in Sources */ = {isa = PBXBuildFile; fileRef = 875361831DF4781B002522D6 /* 5_LongestPalindromicSubString.swift */; };
		877881351DCE3E2B00187156 /* main.swift in Sources */ = {isa = PBXBuildFile; fileRef = 877881341DCE3E2B00187156 /* main.swift */; };
		8778813C1DCE3E6C00187156 /* 324_wiggleSort.swift in Sources */ = {isa = PBXBuildFile; fileRef = 8778813B1DCE3E6C00187156 /* 324_wiggleSort.swift */; };
		878C47B31DE492EC00562BD4 /* 167_twoSumII.swift in Sources */ = {isa = PBXBuildFile; fileRef = 878C47B21DE492EC00562BD4 /* 167_twoSumII.swift */; };
		878C47B51DE4934000562BD4 /* 2_addTwoNumbers.swift in Sources */ = {isa = PBXBuildFile; fileRef = 878C47B41DE4934000562BD4 /* 2_addTwoNumbers.swift */; };
		878F71691E841E7E00169438 /* 16_3SumClosest.swift in Sources */ = {isa = PBXBuildFile; fileRef = 878F71681E841E7E00169438 /* 16_3SumClosest.swift */; };
		878F716B1E84B7C100169438 /* 20_ValidParentheses.swift in Sources */ = {isa = PBXBuildFile; fileRef = 878F716A1E84B7C100169438 /* 20_ValidParentheses.swift */; };
		878F716D1E84BF7A00169438 /* 22_GenerateParentheses.swift in Sources */ = {isa = PBXBuildFile; fileRef = 878F716C1E84BF7A00169438 /* 22_GenerateParentheses.swift */; };
		8797168D1DE5E5460034629F /* 3_longestSubstring.swift in Sources */ = {isa = PBXBuildFile; fileRef = 8797168C1DE5E5460034629F /* 3_longestSubstring.swift */; };
		8797168F1DE738860034629F /* 4_medianOfTwoSortedArrays.swift in Sources */ = {isa = PBXBuildFile; fileRef = 8797168E1DE738860034629F /* 4_medianOfTwoSortedArrays.swift */; };
		87C10A531E7C2AD8001D0089 /* 541_reverseStringII.swift in Sources */ = {isa = PBXBuildFile; fileRef = 87C10A521E7C2AD8001D0089 /* 541_reverseStringII.swift */; };
		87C10A551E7C4AF7001D0089 /* 7_ReverseInteger.swift in Sources */ = {isa = PBXBuildFile; fileRef = 87C10A541E7C4AF7001D0089 /* 7_ReverseInteger.swift */; };
		87C10A571E7CC307001D0089 /* 9_palindromeNumber.swift in Sources */ = {isa = PBXBuildFile; fileRef = 87C10A561E7CC307001D0089 /* 9_palindromeNumber.swift */; };
		87C10A591E7EE1D9001D0089 /* 14_LongestCommonPrefix.swift in Sources */ = {isa = PBXBuildFile; fileRef = 87C10A581E7EE1D9001D0089 /* 14_LongestCommonPrefix.swift */; };
		87C10A5B1E7F6B28001D0089 /* 543_DiameterBinaryTree.swift in Sources */ = {isa = PBXBuildFile; fileRef = 87C10A5A1E7F6B28001D0089 /* 543_DiameterBinaryTree.swift */; };
		87C10A5D1E800B78001D0089 /* 21_MergeTwoSortedList.swift in Sources */ = {isa = PBXBuildFile; fileRef = 87C10A5C1E800B78001D0089 /* 21_MergeTwoSortedList.swift */; };
		87C10A5F1E802B8E001D0089 /* 15_3Sum.swift in Sources */ = {isa = PBXBuildFile; fileRef = 87C10A5E1E802B8E001D0089 /* 15_3Sum.swift */; };
		87C10A611E802D72001D0089 /* Models.swift in Sources */ = {isa = PBXBuildFile; fileRef = 87C10A601E802D72001D0089 /* Models.swift */; };
/* End PBXBuildFile section */

/* Begin PBXCopyFilesBuildPhase section */
		8778812F1DCE3E2B00187156 /* CopyFiles */ = {
			isa = PBXCopyFilesBuildPhase;
			buildActionMask = 2147483647;
			dstPath = /usr/share/man/man1/;
			dstSubfolderSpec = 0;
			files = (
			);
			runOnlyForDeploymentPostprocessing = 1;
		};
/* End PBXCopyFilesBuildPhase section */

/* Begin PBXFileReference section */
		872F478F1E8628640007A8F5 /* 26_RemoveDuplicatedSortedArray.swift */ = {isa = PBXFileReference; fileEncoding = 4; lastKnownFileType = sourcecode.swift; path = 26_RemoveDuplicatedSortedArray.swift; sourceTree = "<group>"; };
		87408C0C1DE3456E00C9D525 /* 1_twoSum.swift */ = {isa = PBXFileReference; fileEncoding = 4; lastKnownFileType = sourcecode.swift; path = 1_twoSum.swift; sourceTree = "<group>"; };
		875361831DF4781B002522D6 /* 5_LongestPalindromicSubString.swift */ = {isa = PBXFileReference; fileEncoding = 4; lastKnownFileType = sourcecode.swift; path = 5_LongestPalindromicSubString.swift; sourceTree = "<group>"; };
		877881311DCE3E2B00187156 /* LeetCodeInSwift */ = {isa = PBXFileReference; explicitFileType = "compiled.mach-o.executable"; includeInIndex = 0; path = LeetCodeInSwift; sourceTree = BUILT_PRODUCTS_DIR; };
		877881341DCE3E2B00187156 /* main.swift */ = {isa = PBXFileReference; lastKnownFileType = sourcecode.swift; path = main.swift; sourceTree = "<group>"; };
		8778813B1DCE3E6C00187156 /* 324_wiggleSort.swift */ = {isa = PBXFileReference; fileEncoding = 4; lastKnownFileType = sourcecode.swift; path = 324_wiggleSort.swift; sourceTree = "<group>"; };
		878C47B21DE492EC00562BD4 /* 167_twoSumII.swift */ = {isa = PBXFileReference; fileEncoding = 4; lastKnownFileType = sourcecode.swift; path = 167_twoSumII.swift; sourceTree = "<group>"; };
		878C47B41DE4934000562BD4 /* 2_addTwoNumbers.swift */ = {isa = PBXFileReference; fileEncoding = 4; lastKnownFileType = sourcecode.swift; path = 2_addTwoNumbers.swift; sourceTree = "<group>"; };
		878F71681E841E7E00169438 /* 16_3SumClosest.swift */ = {isa = PBXFileReference; fileEncoding = 4; lastKnownFileType = sourcecode.swift; path = 16_3SumClosest.swift; sourceTree = "<group>"; };
		878F716A1E84B7C100169438 /* 20_ValidParentheses.swift */ = {isa = PBXFileReference; fileEncoding = 4; lastKnownFileType = sourcecode.swift; path = 20_ValidParentheses.swift; sourceTree = "<group>"; };
		878F716C1E84BF7A00169438 /* 22_GenerateParentheses.swift */ = {isa = PBXFileReference; fileEncoding = 4; lastKnownFileType = sourcecode.swift; path = 22_GenerateParentheses.swift; sourceTree = "<group>"; };
		8797168C1DE5E5460034629F /* 3_longestSubstring.swift */ = {isa = PBXFileReference; fileEncoding = 4; lastKnownFileType = sourcecode.swift; path = 3_longestSubstring.swift; sourceTree = "<group>"; };
		8797168E1DE738860034629F /* 4_medianOfTwoSortedArrays.swift */ = {isa = PBXFileReference; fileEncoding = 4; lastKnownFileType = sourcecode.swift; path = 4_medianOfTwoSortedArrays.swift; sourceTree = "<group>"; };
		87C10A521E7C2AD8001D0089 /* 541_reverseStringII.swift */ = {isa = PBXFileReference; fileEncoding = 4; lastKnownFileType = sourcecode.swift; path = 541_reverseStringII.swift; sourceTree = "<group>"; };
		87C10A541E7C4AF7001D0089 /* 7_ReverseInteger.swift */ = {isa = PBXFileReference; fileEncoding = 4; lastKnownFileType = sourcecode.swift; path = 7_ReverseInteger.swift; sourceTree = "<group>"; };
		87C10A561E7CC307001D0089 /* 9_palindromeNumber.swift */ = {isa = PBXFileReference; fileEncoding = 4; lastKnownFileType = sourcecode.swift; path = 9_palindromeNumber.swift; sourceTree = "<group>"; };
		87C10A581E7EE1D9001D0089 /* 14_LongestCommonPrefix.swift */ = {isa = PBXFileReference; fileEncoding = 4; lastKnownFileType = sourcecode.swift; path = 14_LongestCommonPrefix.swift; sourceTree = "<group>"; };
		87C10A5A1E7F6B28001D0089 /* 543_DiameterBinaryTree.swift */ = {isa = PBXFileReference; fileEncoding = 4; lastKnownFileType = sourcecode.swift; path = 543_DiameterBinaryTree.swift; sourceTree = "<group>"; };
		87C10A5C1E800B78001D0089 /* 21_MergeTwoSortedList.swift */ = {isa = PBXFileReference; fileEncoding = 4; lastKnownFileType = sourcecode.swift; path = 21_MergeTwoSortedList.swift; sourceTree = "<group>"; };
		87C10A5E1E802B8E001D0089 /* 15_3Sum.swift */ = {isa = PBXFileReference; fileEncoding = 4; lastKnownFileType = sourcecode.swift; path = 15_3Sum.swift; sourceTree = "<group>"; };
		87C10A601E802D72001D0089 /* Models.swift */ = {isa = PBXFileReference; fileEncoding = 4; lastKnownFileType = sourcecode.swift; path = Models.swift; sourceTree = "<group>"; };
/* End PBXFileReference section */

/* Begin PBXFrameworksBuildPhase section */
		8778812E1DCE3E2B00187156 /* Frameworks */ = {
			isa = PBXFrameworksBuildPhase;
			buildActionMask = 2147483647;
			files = (
			);
			runOnlyForDeploymentPostprocessing = 0;
		};
/* End PBXFrameworksBuildPhase section */

/* Begin PBXGroup section */
		877881281DCE3E2B00187156 = {
			isa = PBXGroup;
			children = (
				877881331DCE3E2B00187156 /* LeetCodeInSwift */,
				877881321DCE3E2B00187156 /* Products */,
			);
			sourceTree = "<group>";
		};
		877881321DCE3E2B00187156 /* Products */ = {
			isa = PBXGroup;
			children = (
				877881311DCE3E2B00187156 /* LeetCodeInSwift */,
			);
			name = Products;
			sourceTree = "<group>";
		};
		877881331DCE3E2B00187156 /* LeetCodeInSwift */ = {
			isa = PBXGroup;
			children = (
				877881341DCE3E2B00187156 /* main.swift */,
				87C10A601E802D72001D0089 /* Models.swift */,
				87408C0C1DE3456E00C9D525 /* 1_twoSum.swift */,
				878C47B41DE4934000562BD4 /* 2_addTwoNumbers.swift */,
				8797168C1DE5E5460034629F /* 3_longestSubstring.swift */,
				8797168E1DE738860034629F /* 4_medianOfTwoSortedArrays.swift */,
				875361831DF4781B002522D6 /* 5_LongestPalindromicSubString.swift */,
				87C10A541E7C4AF7001D0089 /* 7_ReverseInteger.swift */,
				87C10A561E7CC307001D0089 /* 9_palindromeNumber.swift */,
				87C10A581E7EE1D9001D0089 /* 14_LongestCommonPrefix.swift */,
				87C10A5E1E802B8E001D0089 /* 15_3Sum.swift */,
				878F71681E841E7E00169438 /* 16_3SumClosest.swift */,
				878F716A1E84B7C100169438 /* 20_ValidParentheses.swift */,
				87C10A5C1E800B78001D0089 /* 21_MergeTwoSortedList.swift */,
				878F716C1E84BF7A00169438 /* 22_GenerateParentheses.swift */,
				872F478F1E8628640007A8F5 /* 26_RemoveDuplicatedSortedArray.swift */,
				878C47B21DE492EC00562BD4 /* 167_twoSumII.swift */,
				8778813B1DCE3E6C00187156 /* 324_wiggleSort.swift */,
				87C10A521E7C2AD8001D0089 /* 541_reverseStringII.swift */,
				87C10A5A1E7F6B28001D0089 /* 543_DiameterBinaryTree.swift */,
			);
			path = LeetCodeInSwift;
			sourceTree = "<group>";
		};
/* End PBXGroup section */

/* Begin PBXNativeTarget section */
		877881301DCE3E2B00187156 /* LeetCodeInSwift */ = {
			isa = PBXNativeTarget;
			buildConfigurationList = 877881381DCE3E2B00187156 /* Build configuration list for PBXNativeTarget "LeetCodeInSwift" */;
			buildPhases = (
				8778812D1DCE3E2B00187156 /* Sources */,
				8778812E1DCE3E2B00187156 /* Frameworks */,
				8778812F1DCE3E2B00187156 /* CopyFiles */,
			);
			buildRules = (
			);
			dependencies = (
			);
			name = LeetCodeInSwift;
			productName = LeetCodeInSwift;
			productReference = 877881311DCE3E2B00187156 /* LeetCodeInSwift */;
			productType = "com.apple.product-type.tool";
		};
/* End PBXNativeTarget section */

/* Begin PBXProject section */
		877881291DCE3E2B00187156 /* Project object */ = {
			isa = PBXProject;
			attributes = {
				LastSwiftUpdateCheck = 0810;
				LastUpgradeCheck = 0820;
				ORGANIZATIONNAME = dopcn;
				TargetAttributes = {
					877881301DCE3E2B00187156 = {
						CreatedOnToolsVersion = 8.1;
						ProvisioningStyle = Automatic;
					};
				};
			};
			buildConfigurationList = 8778812C1DCE3E2B00187156 /* Build configuration list for PBXProject "LeetCodeInSwift" */;
			compatibilityVersion = "Xcode 3.2";
			developmentRegion = English;
			hasScannedForEncodings = 0;
			knownRegions = (
				en,
			);
			mainGroup = 877881281DCE3E2B00187156;
			productRefGroup = 877881321DCE3E2B00187156 /* Products */;
			projectDirPath = "";
			projectRoot = "";
			targets = (
				877881301DCE3E2B00187156 /* LeetCodeInSwift */,
			);
		};
/* End PBXProject section */

/* Begin PBXSourcesBuildPhase section */
		8778812D1DCE3E2B00187156 /* Sources */ = {
			isa = PBXSourcesBuildPhase;
			buildActionMask = 2147483647;
			files = (
				8797168D1DE5E5460034629F /* 3_longestSubstring.swift in Sources */,
				87C10A571E7CC307001D0089 /* 9_palindromeNumber.swift in Sources */,
				87C10A591E7EE1D9001D0089 /* 14_LongestCommonPrefix.swift in Sources */,
				875361841DF4781B002522D6 /* 5_LongestPalindromicSubString.swift in Sources */,
				878C47B51DE4934000562BD4 /* 2_addTwoNumbers.swift in Sources */,
				878F71691E841E7E00169438 /* 16_3SumClosest.swift in Sources */,
				8797168F1DE738860034629F /* 4_medianOfTwoSortedArrays.swift in Sources */,
				8778813C1DCE3E6C00187156 /* 324_wiggleSort.swift in Sources */,
				877881351DCE3E2B00187156 /* main.swift in Sources */,
				878F716B1E84B7C100169438 /* 20_ValidParentheses.swift in Sources */,
				87408C0D1DE3456E00C9D525 /* 1_twoSum.swift in Sources */,
				87C10A551E7C4AF7001D0089 /* 7_ReverseInteger.swift in Sources */,
				87C10A5B1E7F6B28001D0089 /* 543_DiameterBinaryTree.swift in Sources */,
				87C10A611E802D72001D0089 /* Models.swift in Sources */,
				878F716D1E84BF7A00169438 /* 22_GenerateParentheses.swift in Sources */,
				872F47901E8628640007A8F5 /* 26_RemoveDuplicatedSortedArray.swift in Sources */,
				87C10A5D1E800B78001D0089 /* 21_MergeTwoSortedList.swift in Sources */,
				87C10A531E7C2AD8001D0089 /* 541_reverseStringII.swift in Sources */,
				878C47B31DE492EC00562BD4 /* 167_twoSumII.swift in Sources */,
				87C10A5F1E802B8E001D0089 /* 15_3Sum.swift in Sources */,
			);
			runOnlyForDeploymentPostprocessing = 0;
		};
/* End PBXSourcesBuildPhase section */

/* Begin XCBuildConfiguration section */
		877881361DCE3E2B00187156 /* Debug */ = {
			isa = XCBuildConfiguration;
			buildSettings = {
				ALWAYS_SEARCH_USER_PATHS = NO;
				CLANG_ANALYZER_NONNULL = YES;
				CLANG_CXX_LANGUAGE_STANDARD = "gnu++0x";
				CLANG_CXX_LIBRARY = "libc++";
				CLANG_ENABLE_MODULES = YES;
				CLANG_ENABLE_OBJC_ARC = YES;
				CLANG_WARN_BOOL_CONVERSION = YES;
				CLANG_WARN_CONSTANT_CONVERSION = YES;
				CLANG_WARN_DIRECT_OBJC_ISA_USAGE = YES_ERROR;
				CLANG_WARN_DOCUMENTATION_COMMENTS = YES;
				CLANG_WARN_EMPTY_BODY = YES;
				CLANG_WARN_ENUM_CONVERSION = YES;
				CLANG_WARN_INFINITE_RECURSION = YES;
				CLANG_WARN_INT_CONVERSION = YES;
				CLANG_WARN_OBJC_ROOT_CLASS = YES_ERROR;
				CLANG_WARN_SUSPICIOUS_MOVE = YES;
				CLANG_WARN_SUSPICIOUS_MOVES = YES;
				CLANG_WARN_UNREACHABLE_CODE = YES;
				CLANG_WARN__DUPLICATE_METHOD_MATCH = YES;
				CODE_SIGN_IDENTITY = "-";
				COPY_PHASE_STRIP = NO;
				DEBUG_INFORMATION_FORMAT = dwarf;
				ENABLE_STRICT_OBJC_MSGSEND = YES;
				ENABLE_TESTABILITY = YES;
				GCC_C_LANGUAGE_STANDARD = gnu99;
				GCC_DYNAMIC_NO_PIC = NO;
				GCC_NO_COMMON_BLOCKS = YES;
				GCC_OPTIMIZATION_LEVEL = 0;
				GCC_PREPROCESSOR_DEFINITIONS = (
					"DEBUG=1",
					"$(inherited)",
				);
				GCC_WARN_64_TO_32_BIT_CONVERSION = YES;
				GCC_WARN_ABOUT_RETURN_TYPE = YES_ERROR;
				GCC_WARN_UNDECLARED_SELECTOR = YES;
				GCC_WARN_UNINITIALIZED_AUTOS = YES_AGGRESSIVE;
				GCC_WARN_UNUSED_FUNCTION = YES;
				GCC_WARN_UNUSED_VARIABLE = YES;
				MACOSX_DEPLOYMENT_TARGET = 10.12;
				MTL_ENABLE_DEBUG_INFO = YES;
				ONLY_ACTIVE_ARCH = YES;
				SDKROOT = macosx;
				SWIFT_OPTIMIZATION_LEVEL = "-Onone";
			};
			name = Debug;
		};
		877881371DCE3E2B00187156 /* Release */ = {
			isa = XCBuildConfiguration;
			buildSettings = {
				ALWAYS_SEARCH_USER_PATHS = NO;
				CLANG_ANALYZER_NONNULL = YES;
				CLANG_CXX_LANGUAGE_STANDARD = "gnu++0x";
				CLANG_CXX_LIBRARY = "libc++";
				CLANG_ENABLE_MODULES = YES;
				CLANG_ENABLE_OBJC_ARC = YES;
				CLANG_WARN_BOOL_CONVERSION = YES;
				CLANG_WARN_CONSTANT_CONVERSION = YES;
				CLANG_WARN_DIRECT_OBJC_ISA_USAGE = YES_ERROR;
				CLANG_WARN_DOCUMENTATION_COMMENTS = YES;
				CLANG_WARN_EMPTY_BODY = YES;
				CLANG_WARN_ENUM_CONVERSION = YES;
				CLANG_WARN_INFINITE_RECURSION = YES;
				CLANG_WARN_INT_CONVERSION = YES;
				CLANG_WARN_OBJC_ROOT_CLASS = YES_ERROR;
				CLANG_WARN_SUSPICIOUS_MOVE = YES;
				CLANG_WARN_SUSPICIOUS_MOVES = YES;
				CLANG_WARN_UNREACHABLE_CODE = YES;
				CLANG_WARN__DUPLICATE_METHOD_MATCH = YES;
				CODE_SIGN_IDENTITY = "-";
				COPY_PHASE_STRIP = NO;
				DEBUG_INFORMATION_FORMAT = "dwarf-with-dsym";
				ENABLE_NS_ASSERTIONS = NO;
				ENABLE_STRICT_OBJC_MSGSEND = YES;
				GCC_C_LANGUAGE_STANDARD = gnu99;
				GCC_NO_COMMON_BLOCKS = YES;
				GCC_WARN_64_TO_32_BIT_CONVERSION = YES;
				GCC_WARN_ABOUT_RETURN_TYPE = YES_ERROR;
				GCC_WARN_UNDECLARED_SELECTOR = YES;
				GCC_WARN_UNINITIALIZED_AUTOS = YES_AGGRESSIVE;
				GCC_WARN_UNUSED_FUNCTION = YES;
				GCC_WARN_UNUSED_VARIABLE = YES;
				MACOSX_DEPLOYMENT_TARGET = 10.12;
				MTL_ENABLE_DEBUG_INFO = NO;
				SDKROOT = macosx;
				SWIFT_OPTIMIZATION_LEVEL = "-Owholemodule";
			};
			name = Release;
		};
		877881391DCE3E2B00187156 /* Debug */ = {
			isa = XCBuildConfiguration;
			buildSettings = {
				PRODUCT_NAME = "$(TARGET_NAME)";
				SWIFT_VERSION = 3.0;
			};
			name = Debug;
		};
		8778813A1DCE3E2B00187156 /* Release */ = {
			isa = XCBuildConfiguration;
			buildSettings = {
				PRODUCT_NAME = "$(TARGET_NAME)";
				SWIFT_VERSION = 3.0;
			};
			name = Release;
		};
/* End XCBuildConfiguration section */

/* Begin XCConfigurationList section */
		8778812C1DCE3E2B00187156 /* Build configuration list for PBXProject "LeetCodeInSwift" */ = {
			isa = XCConfigurationList;
			buildConfigurations = (
				877881361DCE3E2B00187156 /* Debug */,
				877881371DCE3E2B00187156 /* Release */,
			);
			defaultConfigurationIsVisible = 0;
			defaultConfigurationName = Release;
		};
		877881381DCE3E2B00187156 /* Build configuration list for PBXNativeTarget "LeetCodeInSwift" */ = {
			isa = XCConfigurationList;
			buildConfigurations = (
				877881391DCE3E2B00187156 /* Debug */,
				8778813A1DCE3E2B00187156 /* Release */,
			);
			defaultConfigurationIsVisible = 0;
			defaultConfigurationName = Release;
		};
/* End XCConfigurationList section */
	};
	rootObject = 877881291DCE3E2B00187156 /* Project object */;
}
